
Microsoft Visual Studio Solution File, Format Version 12.00
# Visual Studio Version 16
VisualStudioVersion = 16.0.34601.136
MinimumVisualStudioVersion = 10.0.40219.1
Project("{FAE04EC0-301F-11D3-BF4B-00C04F79EFBC}") = "TODOv4.1", "MS539 2.1 GUI\TODOv4.1.csproj", "{C6D993A6-E4AE-44DC-962D-975F5BE9CDB7}"
EndProject
Global
	GlobalSection(SolutionConfigurationPlatforms) = preSolution
		Debug|Any CPU = Debug|Any CPU
		Release|Any CPU = Release|Any CPU
	EndGlobalSection
	GlobalSection(ProjectConfigurationPlatforms) = postSolution
		{C6D993A6-E4AE-44DC-962D-975F5BE9CDB7}.Debug|Any CPU.ActiveCfg = Debug|Any CPU
		{C6D993A6-E4AE-44DC-962D-975F5BE9CDB7}.Debug|Any CPU.Build.0 = Debug|Any CPU
		{C6D993A6-E4AE-44DC-962D-975F5BE9CDB7}.Release|Any CPU.ActiveCfg = Release|Any CPU
		{C6D993A6-E4AE-44DC-962D-975F5BE9CDB7}.Release|Any CPU.Build.0 = Release|Any CPU
	EndGlobalSection
	GlobalSection(SolutionProperties) = preSolution
		HideSolutionNode = FALSE
	EndGlobalSection
	GlobalSection(ExtensibilityGlobals) = postSolution
		SolutionGuid = {1B7F1DE2-5F54-46C1-83C2-9AD19C22534E}
	EndGlobalSection
EndGlobal
